
Microsoft Visual Studio Solution File, Format Version 12.00
# Visual Studio Version 17
VisualStudioVersion = 17.14.36414.22
MinimumVisualStudioVersion = 10.0.40219.1
Project("{8BC9CEB8-8B4A-11D0-8D11-00A0C91BC942}") = "project1", "project1\project1.vcxproj", "{2BE233B6-C880-43A5-AE6F-CC5465A91DAE}"
EndProject
Project("{8BC9CEB8-8B4A-11D0-8D11-00A0C91BC942}") = "Project2", "Project2\Project2.vcxproj", "{D6B01E96-146E-499B-801D-9C586453AC82}"
EndProject
Project("{8BC9CEB8-8B4A-11D0-8D11-00A0C91BC942}") = "project3", "project3\project3.vcxproj", "{42843340-0D9C-459C-9827-0E099BE172F1}"
EndProject
Project("{8BC9CEB8-8B4A-11D0-8D11-00A0C91BC942}") = "project4", "project4\project4.vcxproj", "{878823BC-5FBD-4C87-889A-AB68C38FA362}"
EndProject
Project("{8BC9CEB8-8B4A-11D0-8D11-00A0C91BC942}") = "project5", "project5\project5.vcxproj", "{80EF19A6-80E2-42DA-B522-35A30A2E4522}"
EndProject
Project("{8BC9CEB8-8B4A-11D0-8D11-00A0C91BC942}") = "project6", "project6\project6.vcxproj", "{2C7DC1A3-20AD-42C7-8238-C18AB9B89645}"
EndProject
Project("{8BC9CEB8-8B4A-11D0-8D11-00A0C91BC942}") = "project7", "project7\project7.vcxproj", "{2B0A5C95-A4BD-4FC7-AA04-DB36BB4428E3}"
EndProject
Project("{8BC9CEB8-8B4A-11D0-8D11-00A0C91BC942}") = "project8", "project8\project8.vcxproj", "{75E30B8D-39CA-42E8-80D2-0B035DC436E2}"
EndProject
Project("{8BC9CEB8-8B4A-11D0-8D11-00A0C91BC942}") = "project9", "project9\project9.vcxproj", "{CA4E5762-910E-45DA-8960-9DEBFA27E225}"
EndProject
Project("{8BC9CEB8-8B4A-11D0-8D11-00A0C91BC942}") = "project10", "project10_2\project10_2.vcxproj", "{49A2AD2C-9BF0-4DFE-9185-62A5DF06B3F1}"
EndProject
Project("{8BC9CEB8-8B4A-11D0-8D11-00A0C91BC942}") = "project11", "project11\project11.vcxproj", "{B06A85C4-CF2D-4C0D-9A6F-7853854BC0FF}"
EndProject
Project("{8BC9CEB8-8B4A-11D0-8D11-00A0C91BC942}") = "project12", "project12\project12.vcxproj", "{04894BBE-784D-4B46-B2F0-4D35B39FA343}"
EndProject
Project("{8BC9CEB8-8B4A-11D0-8D11-00A0C91BC942}") = "ConsoleApplication1", "ConsoleApplication1\ConsoleApplication1.vcxproj", "{035A1208-B696-42BD-82C2-C99C00BD2D7E}"
EndProject
Project("{8BC9CEB8-8B4A-11D0-8D11-00A0C91BC942}") = "project13", "project13\project13.vcxproj", "{CA09D910-AFA3-455A-B7CD-069416700C0A}"
EndProject
Project("{8BC9CEB8-8B4A-11D0-8D11-00A0C91BC942}") = "project14", "project14\project14.vcxproj", "{42ECB39A-A45B-40FA-AB18-CD06CD14926A}"
EndProject
Project("{8BC9CEB8-8B4A-11D0-8D11-00A0C91BC942}") = "project15", "project15\project15.vcxproj", "{2DA5B910-B5EE-4F3D-9D5C-4D00D86D2AE1}"
EndProject
Project("{8BC9CEB8-8B4A-11D0-8D11-00A0C91BC942}") = "EmployeeManager", "EmployeeManager\EmployeeManager.vcxproj", "{0E61E5AE-ECE9-4F77-8DED-00A601AB64E7}"
EndProject
Global
	GlobalSection(SolutionConfigurationPlatforms) = preSolution
		Debug|x64 = Debug|x64
		Debug|x86 = Debug|x86
		Release|x64 = Release|x64
		Release|x86 = Release|x86
	EndGlobalSection
	GlobalSection(ProjectConfigurationPlatforms) = postSolution
		{2BE233B6-C880-43A5-AE6F-CC5465A91DAE}.Debug|x64.ActiveCfg = Debug|x64
		{2BE233B6-C880-43A5-AE6F-CC5465A91DAE}.Debug|x64.Build.0 = Debug|x64
		{2BE233B6-C880-43A5-AE6F-CC5465A91DAE}.Debug|x86.ActiveCfg = Debug|Win32
		{2BE233B6-C880-43A5-AE6F-CC5465A91DAE}.Debug|x86.Build.0 = Debug|Win32
		{2BE233B6-C880-43A5-AE6F-CC5465A91DAE}.Release|x64.ActiveCfg = Release|x64
		{2BE233B6-C880-43A5-AE6F-CC5465A91DAE}.Release|x64.Build.0 = Release|x64
		{2BE233B6-C880-43A5-AE6F-CC5465A91DAE}.Release|x86.ActiveCfg = Release|Win32
		{2BE233B6-C880-43A5-AE6F-CC5465A91DAE}.Release|x86.Build.0 = Release|Win32
		{D6B01E96-146E-499B-801D-9C586453AC82}.Debug|x64.ActiveCfg = Debug|x64
		{D6B01E96-146E-499B-801D-9C586453AC82}.Debug|x64.Build.0 = Debug|x64
		{D6B01E96-146E-499B-801D-9C586453AC82}.Debug|x86.ActiveCfg = Debug|Win32
		{D6B01E96-146E-499B-801D-9C586453AC82}.Debug|x86.Build.0 = Debug|Win32
		{D6B01E96-146E-499B-801D-9C586453AC82}.Release|x64.ActiveCfg = Release|x64
		{D6B01E96-146E-499B-801D-9C586453AC82}.Release|x64.Build.0 = Release|x64
		{D6B01E96-146E-499B-801D-9C586453AC82}.Release|x86.ActiveCfg = Release|Win32
		{D6B01E96-146E-499B-801D-9C586453AC82}.Release|x86.Build.0 = Release|Win32
		{42843340-0D9C-459C-9827-0E099BE172F1}.Debug|x64.ActiveCfg = Debug|x64
		{42843340-0D9C-459C-9827-0E099BE172F1}.Debug|x64.Build.0 = Debug|x64
		{42843340-0D9C-459C-9827-0E099BE172F1}.Debug|x86.ActiveCfg = Debug|Win32
		{42843340-0D9C-459C-9827-0E099BE172F1}.Debug|x86.Build.0 = Debug|Win32
		{42843340-0D9C-459C-9827-0E099BE172F1}.Release|x64.ActiveCfg = Release|x64
		{42843340-0D9C-459C-9827-0E099BE172F1}.Release|x64.Build.0 = Release|x64
		{42843340-0D9C-459C-9827-0E099BE172F1}.Release|x86.ActiveCfg = Release|Win32
		{42843340-0D9C-459C-9827-0E099BE172F1}.Release|x86.Build.0 = Release|Win32
		{878823BC-5FBD-4C87-889A-AB68C38FA362}.Debug|x64.ActiveCfg = Debug|x64
		{878823BC-5FBD-4C87-889A-AB68C38FA362}.Debug|x64.Build.0 = Debug|x64
		{878823BC-5FBD-4C87-889A-AB68C38FA362}.Debug|x86.ActiveCfg = Debug|Win32
		{878823BC-5FBD-4C87-889A-AB68C38FA362}.Debug|x86.Build.0 = Debug|Win32
		{878823BC-5FBD-4C87-889A-AB68C38FA362}.Release|x64.ActiveCfg = Release|x64
		{878823BC-5FBD-4C87-889A-AB68C38FA362}.Release|x64.Build.0 = Release|x64
		{878823BC-5FBD-4C87-889A-AB68C38FA362}.Release|x86.ActiveCfg = Release|Win32
		{878823BC-5FBD-4C87-889A-AB68C38FA362}.Release|x86.Build.0 = Release|Win32
		{80EF19A6-80E2-42DA-B522-35A30A2E4522}.Debug|x64.ActiveCfg = Debug|x64
		{80EF19A6-80E2-42DA-B522-35A30A2E4522}.Debug|x64.Build.0 = Debug|x64
		{80EF19A6-80E2-42DA-B522-35A30A2E4522}.Debug|x86.ActiveCfg = Debug|Win32
		{80EF19A6-80E2-42DA-B522-35A30A2E4522}.Debug|x86.Build.0 = Debug|Win32
		{80EF19A6-80E2-42DA-B522-35A30A2E4522}.Release|x64.ActiveCfg = Release|x64
		{80EF19A6-80E2-42DA-B522-35A30A2E4522}.Release|x64.Build.0 = Release|x64
		{80EF19A6-80E2-42DA-B522-35A30A2E4522}.Release|x86.ActiveCfg = Release|Win32
		{80EF19A6-80E2-42DA-B522-35A30A2E4522}.Release|x86.Build.0 = Release|Win32
		{2C7DC1A3-20AD-42C7-8238-C18AB9B89645}.Debug|x64.ActiveCfg = Debug|x64
		{2C7DC1A3-20AD-42C7-8238-C18AB9B89645}.Debug|x64.Build.0 = Debug|x64
		{2C7DC1A3-20AD-42C7-8238-C18AB9B89645}.Debug|x86.ActiveCfg = Debug|Win32
		{2C7DC1A3-20AD-42C7-8238-C18AB9B89645}.Debug|x86.Build.0 = Debug|Win32
		{2C7DC1A3-20AD-42C7-8238-C18AB9B89645}.Release|x64.ActiveCfg = Release|x64
		{2C7DC1A3-20AD-42C7-8238-C18AB9B89645}.Release|x64.Build.0 = Release|x64
		{2C7DC1A3-20AD-42C7-8238-C18AB9B89645}.Release|x86.ActiveCfg = Release|Win32
		{2C7DC1A3-20AD-42C7-8238-C18AB9B89645}.Release|x86.Build.0 = Release|Win32
		{2B0A5C95-A4BD-4FC7-AA04-DB36BB4428E3}.Debug|x64.ActiveCfg = Debug|x64
		{2B0A5C95-A4BD-4FC7-AA04-DB36BB4428E3}.Debug|x64.Build.0 = Debug|x64
		{2B0A5C95-A4BD-4FC7-AA04-DB36BB4428E3}.Debug|x86.ActiveCfg = Debug|Win32
		{2B0A5C95-A4BD-4FC7-AA04-DB36BB4428E3}.Debug|x86.Build.0 = Debug|Win32
		{2B0A5C95-A4BD-4FC7-AA04-DB36BB4428E3}.Release|x64.ActiveCfg = Release|x64
		{2B0A5C95-A4BD-4FC7-AA04-DB36BB4428E3}.Release|x64.Build.0 = Release|x64
		{2B0A5C95-A4BD-4FC7-AA04-DB36BB4428E3}.Release|x86.ActiveCfg = Release|Win32
		{2B0A5C95-A4BD-4FC7-AA04-DB36BB4428E3}.Release|x86.Build.0 = Release|Win32
		{75E30B8D-39CA-42E8-80D2-0B035DC436E2}.Debug|x64.ActiveCfg = Debug|x64
		{75E30B8D-39CA-42E8-80D2-0B035DC436E2}.Debug|x64.Build.0 = Debug|x64
		{75E30B8D-39CA-42E8-80D2-0B035DC436E2}.Debug|x86.ActiveCfg = Debug|Win32
		{75E30B8D-39CA-42E8-80D2-0B035DC436E2}.Debug|x86.Build.0 = Debug|Win32
		{75E30B8D-39CA-42E8-80D2-0B035DC436E2}.Release|x64.ActiveCfg = Release|x64
		{75E30B8D-39CA-42E8-80D2-0B035DC436E2}.Release|x64.Build.0 = Release|x64
		{75E30B8D-39CA-42E8-80D2-0B035DC436E2}.Release|x86.ActiveCfg = Release|Win32
		{75E30B8D-39CA-42E8-80D2-0B035DC436E2}.Release|x86.Build.0 = Release|Win32
		{CA4E5762-910E-45DA-8960-9DEBFA27E225}.Debug|x64.ActiveCfg = Debug|x64
		{CA4E5762-910E-45DA-8960-9DEBFA27E225}.Debug|x64.Build.0 = Debug|x64
		{CA4E5762-910E-45DA-8960-9DEBFA27E225}.Debug|x86.ActiveCfg = Debug|Win32
		{CA4E5762-910E-45DA-8960-9DEBFA27E225}.Debug|x86.Build.0 = Debug|Win32
		{CA4E5762-910E-45DA-8960-9DEBFA27E225}.Release|x64.ActiveCfg = Release|x64
		{CA4E5762-910E-45DA-8960-9DEBFA27E225}.Release|x64.Build.0 = Release|x64
		{CA4E5762-910E-45DA-8960-9DEBFA27E225}.Release|x86.ActiveCfg = Release|Win32
		{CA4E5762-910E-45DA-8960-9DEBFA27E225}.Release|x86.Build.0 = Release|Win32
		{49A2AD2C-9BF0-4DFE-9185-62A5DF06B3F1}.Debug|x64.ActiveCfg = Debug|x64
		{49A2AD2C-9BF0-4DFE-9185-62A5DF06B3F1}.Debug|x64.Build.0 = Debug|x64
		{49A2AD2C-9BF0-4DFE-9185-62A5DF06B3F1}.Debug|x86.ActiveCfg = Debug|Win32
		{49A2AD2C-9BF0-4DFE-9185-62A5DF06B3F1}.Debug|x86.Build.0 = Debug|Win32
		{49A2AD2C-9BF0-4DFE-9185-62A5DF06B3F1}.Release|x64.ActiveCfg = Release|x64
		{49A2AD2C-9BF0-4DFE-9185-62A5DF06B3F1}.Release|x64.Build.0 = Release|x64
		{49A2AD2C-9BF0-4DFE-9185-62A5DF06B3F1}.Release|x86.ActiveCfg = Release|Win32
		{49A2AD2C-9BF0-4DFE-9185-62A5DF06B3F1}.Release|x86.Build.0 = Release|Win32
		{B06A85C4-CF2D-4C0D-9A6F-7853854BC0FF}.Debug|x64.ActiveCfg = Debug|x64
		{B06A85C4-CF2D-4C0D-9A6F-7853854BC0FF}.Debug|x64.Build.0 = Debug|x64
		{B06A85C4-CF2D-4C0D-9A6F-7853854BC0FF}.Debug|x86.ActiveCfg = Debug|Win32
		{B06A85C4-CF2D-4C0D-9A6F-7853854BC0FF}.Debug|x86.Build.0 = Debug|Win32
		{B06A85C4-CF2D-4C0D-9A6F-7853854BC0FF}.Release|x64.ActiveCfg = Release|x64
		{B06A85C4-CF2D-4C0D-9A6F-7853854BC0FF}.Release|x64.Build.0 = Release|x64
		{B06A85C4-CF2D-4C0D-9A6F-7853854BC0FF}.Release|x86.ActiveCfg = Release|Win32
		{B06A85C4-CF2D-4C0D-9A6F-7853854BC0FF}.Release|x86.Build.0 = Release|Win32
		{04894BBE-784D-4B46-B2F0-4D35B39FA343}.Debug|x64.ActiveCfg = Debug|x64
		{04894BBE-784D-4B46-B2F0-4D35B39FA343}.Debug|x64.Build.0 = Debug|x64
		{04894BBE-784D-4B46-B2F0-4D35B39FA343}.Debug|x86.ActiveCfg = Debug|Win32
		{04894BBE-784D-4B46-B2F0-4D35B39FA343}.Debug|x86.Build.0 = Debug|Win32
		{04894BBE-784D-4B46-B2F0-4D35B39FA343}.Release|x64.ActiveCfg = Release|x64
		{04894BBE-784D-4B46-B2F0-4D35B39FA343}.Release|x64.Build.0 = Release|x64
		{04894BBE-784D-4B46-B2F0-4D35B39FA343}.Release|x86.ActiveCfg = Release|Win32
		{04894BBE-784D-4B46-B2F0-4D35B39FA343}.Release|x86.Build.0 = Release|Win32
		{035A1208-B696-42BD-82C2-C99C00BD2D7E}.Debug|x64.ActiveCfg = Debug|x64
		{035A1208-B696-42BD-82C2-C99C00BD2D7E}.Debug|x64.Build.0 = Debug|x64
		{035A1208-B696-42BD-82C2-C99C00BD2D7E}.Debug|x86.ActiveCfg = Debug|Win32
		{035A1208-B696-42BD-82C2-C99C00BD2D7E}.Debug|x86.Build.0 = Debug|Win32
		{035A1208-B696-42BD-82C2-C99C00BD2D7E}.Release|x64.ActiveCfg = Release|x64
		{035A1208-B696-42BD-82C2-C99C00BD2D7E}.Release|x64.Build.0 = Release|x64
		{035A1208-B696-42BD-82C2-C99C00BD2D7E}.Release|x86.ActiveCfg = Release|Win32
		{035A1208-B696-42BD-82C2-C99C00BD2D7E}.Release|x86.Build.0 = Release|Win32
		{CA09D910-AFA3-455A-B7CD-069416700C0A}.Debug|x64.ActiveCfg = Debug|x64
		{CA09D910-AFA3-455A-B7CD-069416700C0A}.Debug|x64.Build.0 = Debug|x64
		{CA09D910-AFA3-455A-B7CD-069416700C0A}.Debug|x86.ActiveCfg = Debug|Win32
		{CA09D910-AFA3-455A-B7CD-069416700C0A}.Debug|x86.Build.0 = Debug|Win32
		{CA09D910-AFA3-455A-B7CD-069416700C0A}.Release|x64.ActiveCfg = Release|x64
		{CA09D910-AFA3-455A-B7CD-069416700C0A}.Release|x64.Build.0 = Release|x64
		{CA09D910-AFA3-455A-B7CD-069416700C0A}.Release|x86.ActiveCfg = Release|Win32
		{CA09D910-AFA3-455A-B7CD-069416700C0A}.Release|x86.Build.0 = Release|Win32
		{42ECB39A-A45B-40FA-AB18-CD06CD14926A}.Debug|x64.ActiveCfg = Debug|x64
		{42ECB39A-A45B-40FA-AB18-CD06CD14926A}.Debug|x64.Build.0 = Debug|x64
		{42ECB39A-A45B-40FA-AB18-CD06CD14926A}.Debug|x86.ActiveCfg = Debug|Win32
		{42ECB39A-A45B-40FA-AB18-CD06CD14926A}.Debug|x86.Build.0 = Debug|Win32
		{42ECB39A-A45B-40FA-AB18-CD06CD14926A}.Release|x64.ActiveCfg = Release|x64
		{42ECB39A-A45B-40FA-AB18-CD06CD14926A}.Release|x64.Build.0 = Release|x64
		{42ECB39A-A45B-40FA-AB18-CD06CD14926A}.Release|x86.ActiveCfg = Release|Win32
		{42ECB39A-A45B-40FA-AB18-CD06CD14926A}.Release|x86.Build.0 = Release|Win32
		{2DA5B910-B5EE-4F3D-9D5C-4D00D86D2AE1}.Debug|x64.ActiveCfg = Debug|x64
		{2DA5B910-B5EE-4F3D-9D5C-4D00D86D2AE1}.Debug|x64.Build.0 = Debug|x64
		{2DA5B910-B5EE-4F3D-9D5C-4D00D86D2AE1}.Debug|x86.ActiveCfg = Debug|Win32
		{2DA5B910-B5EE-4F3D-9D5C-4D00D86D2AE1}.Debug|x86.Build.0 = Debug|Win32
		{2DA5B910-B5EE-4F3D-9D5C-4D00D86D2AE1}.Release|x64.ActiveCfg = Release|x64
		{2DA5B910-B5EE-4F3D-9D5C-4D00D86D2AE1}.Release|x64.Build.0 = Release|x64
		{2DA5B910-B5EE-4F3D-9D5C-4D00D86D2AE1}.Release|x86.ActiveCfg = Release|Win32
		{2DA5B910-B5EE-4F3D-9D5C-4D00D86D2AE1}.Release|x86.Build.0 = Release|Win32
		{0E61E5AE-ECE9-4F77-8DED-00A601AB64E7}.Debug|x64.ActiveCfg = Debug|x64
		{0E61E5AE-ECE9-4F77-8DED-00A601AB64E7}.Debug|x64.Build.0 = Debug|x64
		{0E61E5AE-ECE9-4F77-8DED-00A601AB64E7}.Debug|x86.ActiveCfg = Debug|Win32
		{0E61E5AE-ECE9-4F77-8DED-00A601AB64E7}.Debug|x86.Build.0 = Debug|Win32
		{0E61E5AE-ECE9-4F77-8DED-00A601AB64E7}.Release|x64.ActiveCfg = Release|x64
		{0E61E5AE-ECE9-4F77-8DED-00A601AB64E7}.Release|x64.Build.0 = Release|x64
		{0E61E5AE-ECE9-4F77-8DED-00A601AB64E7}.Release|x86.ActiveCfg = Release|Win32
		{0E61E5AE-ECE9-4F77-8DED-00A601AB64E7}.Release|x86.Build.0 = Release|Win32
	EndGlobalSection
	GlobalSection(SolutionProperties) = preSolution
		HideSolutionNode = FALSE
	EndGlobalSection
	GlobalSection(ExtensibilityGlobals) = postSolution
		SolutionGuid = {6F6A4F35-7DF7-4AFD-87B0-EB6F8B06B528}
	EndGlobalSection
EndGlobal
